
Microsoft Visual Studio Solution File, Format Version 12.00
# Visual Studio Version 16
VisualStudioVersion = 16.0.30523.141
MinimumVisualStudioVersion = 10.0.40219.1
Project("{FAE04EC0-301F-11D3-BF4B-00C04F79EFBC}") = "AllowSteamModUpload", "AllowSteamModUpload\AllowSteamModUpload.csproj", "{12ADEF68-8B79-4D1A-A145-8A1F3F93A741}"
EndProject
Global
	GlobalSection(SolutionConfigurationPlatforms) = preSolution
		Debug|Any CPU = Debug|Any CPU
		Release|Any CPU = Release|Any CPU
	EndGlobalSection
	GlobalSection(ProjectConfigurationPlatforms) = postSolution
		{12ADEF68-8B79-4D1A-A145-8A1F3F93A741}.Debug|Any CPU.ActiveCfg = Debug|Any CPU
		{12ADEF68-8B79-4D1A-A145-8A1F3F93A741}.Debug|Any CPU.Build.0 = Debug|Any CPU
		{12ADEF68-8B79-4D1A-A145-8A1F3F93A741}.Release|Any CPU.ActiveCfg = Release|Any CPU
		{12ADEF68-8B79-4D1A-A145-8A1F3F93A741}.Release|Any CPU.Build.0 = Release|Any CPU
	EndGlobalSection
	GlobalSection(SolutionProperties) = preSolution
		HideSolutionNode = FALSE
	EndGlobalSection
	GlobalSection(ExtensibilityGlobals) = postSolution
		SolutionGuid = {4E8E5FC3-32C9-4823-85D5-77C51825D66A}
	EndGlobalSection
EndGlobal
